
Microsoft Visual Studio Solution File, Format Version 12.00
# Visual Studio Version 17
VisualStudioVersion = 17.4.33205.214
MinimumVisualStudioVersion = 10.0.40219.1
Project("{FAE04EC0-301F-11D3-BF4B-00C04F79EFBC}") = "DoctorAppointmentManagement", "DoctorAppointmentManagement\DoctorAppointmentManagement.csproj", "{A697571A-306B-47F5-BA03-37327B6DAB29}"
EndProject
Global
	GlobalSection(SolutionConfigurationPlatforms) = preSolution
		Debug|Any CPU = Debug|Any CPU
		Release|Any CPU = Release|Any CPU
	EndGlobalSection
	GlobalSection(ProjectConfigurationPlatforms) = postSolution
		{A697571A-306B-47F5-BA03-37327B6DAB29}.Debug|Any CPU.ActiveCfg = Debug|Any CPU
		{A697571A-306B-47F5-BA03-37327B6DAB29}.Debug|Any CPU.Build.0 = Debug|Any CPU
		{A697571A-306B-47F5-BA03-37327B6DAB29}.Release|Any CPU.ActiveCfg = Release|Any CPU
		{A697571A-306B-47F5-BA03-37327B6DAB29}.Release|Any CPU.Build.0 = Release|Any CPU
	EndGlobalSection
	GlobalSection(SolutionProperties) = preSolution
		HideSolutionNode = FALSE
	EndGlobalSection
	GlobalSection(ExtensibilityGlobals) = postSolution
		SolutionGuid = {91BBA7D7-50BB-4B6B-972F-F24F574706D8}
	EndGlobalSection
EndGlobal
